
Microsoft Visual Studio Solution File, Format Version 12.00
# Visual Studio Version 16
VisualStudioVersion = 16.0.31424.327
MinimumVisualStudioVersion = 10.0.40219.1
Project("{FAE04EC0-301F-11D3-BF4B-00C04F79EFBC}") = "Aula06_1", "Aula06_1\Aula06_1.csproj", "{F492C97F-687B-49AA-8A48-989AD7630B58}"
EndProject
Project("{FAE04EC0-301F-11D3-BF4B-00C04F79EFBC}") = "Aula06_2", "Aula06_2\Aula06_2.csproj", "{66AE709C-1CB6-4782-9830-F6C9FBD5F5BF}"
EndProject
Global
	GlobalSection(SolutionConfigurationPlatforms) = preSolution
		Debug|Any CPU = Debug|Any CPU
		Release|Any CPU = Release|Any CPU
	EndGlobalSection
	GlobalSection(ProjectConfigurationPlatforms) = postSolution
		{F492C97F-687B-49AA-8A48-989AD7630B58}.Debug|Any CPU.ActiveCfg = Debug|Any CPU
		{F492C97F-687B-49AA-8A48-989AD7630B58}.Debug|Any CPU.Build.0 = Debug|Any CPU
		{F492C97F-687B-49AA-8A48-989AD7630B58}.Release|Any CPU.ActiveCfg = Release|Any CPU
		{F492C97F-687B-49AA-8A48-989AD7630B58}.Release|Any CPU.Build.0 = Release|Any CPU
		{66AE709C-1CB6-4782-9830-F6C9FBD5F5BF}.Debug|Any CPU.ActiveCfg = Debug|Any CPU
		{66AE709C-1CB6-4782-9830-F6C9FBD5F5BF}.Debug|Any CPU.Build.0 = Debug|Any CPU
		{66AE709C-1CB6-4782-9830-F6C9FBD5F5BF}.Release|Any CPU.ActiveCfg = Release|Any CPU
		{66AE709C-1CB6-4782-9830-F6C9FBD5F5BF}.Release|Any CPU.Build.0 = Release|Any CPU
	EndGlobalSection
	GlobalSection(SolutionProperties) = preSolution
		HideSolutionNode = FALSE
	EndGlobalSection
	GlobalSection(ExtensibilityGlobals) = postSolution
		SolutionGuid = {76163281-E751-48EB-9D48-04E57653CD90}
	EndGlobalSection
EndGlobal
